<?xml version="1.0" encoding="utf-8"?>
<Project ToolsVersion="4.0" xmlns="http://schemas.microsoft.com/developer/msbuild/2003">
  <ItemGroup>
    <Filter Include="Source Files">
      <UniqueIdentifier>{4FC737F1-C7A5-4376-A066-2A32D752A2FF}</UniqueIdentifier>
      <Extensions>cpp;c;cc;cxx;c++;cppm;ixx;def;odl;idl;hpj;bat;asm;asmx</Extensions>
    </Filter>
    <Filter Include="Header Files">
      <UniqueIdentifier>{93995380-89BD-4b04-88EB-625FBE52EBFB}</UniqueIdentifier>
      <Extensions>h;hh;hpp;hxx;h++;hm;inl;inc;ipp;xsd</Extensions>
    </Filter>
    <Filter Include="Resource Files">
      <UniqueIdentifier>{67DA6AB6-F800-4c08-8B7A-83BB121AAD01}</UniqueIdentifier>
      <Extensions>rc;ico;cur;bmp;dlg;rc2;rct;bin;rgs;gif;jpg;jpeg;jpe;resx;tiff;tif;png;wav;mfcribbon-ms</Extensions>
    </Filter>
  </ItemGroup>
  <ItemGroup>
    <ClCompile Include="src\Action.cpp">
      <Filter>Source Files</Filter>
    </ClCompile>
    <ClCompile Include="src\ActionComponent.cpp">
      <Filter>Source Files</Filter>
    </ClCompile>
    <ClCompile Include="src\ActionManager.cpp">
      <Filter>Source Files</Filter>
    </ClCompile>
    <ClCompile Include="src\BuildAction.cpp">
      <Filter>Source Files</Filter>
    </ClCompile>
    <ClCompile Include="src\BuildingComponent.cpp">
      <Filter>Source Files</Filter>
    </ClCompile>
    <ClCompile Include="src\Camera.cpp">
      <Filter>Source Files</Filter>
    </ClCompile>
    <ClCompile Include="src\Client.cpp">
      <Filter>Source Files</Filter>
    </ClCompile>
    <ClCompile Include="src\Collision.cpp">
      <Filter>Source Files</Filter>
    </ClCompile>
    <ClCompile Include="src\ComponentManager.cpp">
      <Filter>Source Files</Filter>
    </ClCompile>
    <ClCompile Include="src\EmptyAction.cpp">
      <Filter>Source Files</Filter>
    </ClCompile>
    <ClCompile Include="src\Entity.cpp">
      <Filter>Source Files</Filter>
    </ClCompile>
    <ClCompile Include="src\EntityManager.cpp">
      <Filter>Source Files</Filter>
    </ClCompile>
    <ClCompile Include="src\EntityMessage.cpp">
      <Filter>Source Files</Filter>
    </ClCompile>
    <ClCompile Include="src\FileReader.cpp">
      <Filter>Source Files</Filter>
    </ClCompile>
    <ClCompile Include="src\FrameTimer.cpp">
      <Filter>Source Files</Filter>
    </ClCompile>
    <ClCompile Include="src\Grid.cpp">
      <Filter>Source Files</Filter>
    </ClCompile>
    <ClCompile Include="src\ImageManager.cpp">
      <Filter>Source Files</Filter>
    </ClCompile>
    <ClCompile Include="src\main.cpp">
      <Filter>Source Files</Filter>
    </ClCompile>
    <ClCompile Include="src\Mesh.cpp">
      <Filter>Source Files</Filter>
    </ClCompile>
    <ClCompile Include="src\Message.cpp">
      <Filter>Source Files</Filter>
    </ClCompile>
    <ClCompile Include="src\MessageHandler.cpp">
      <Filter>Source Files</Filter>
    </ClCompile>
    <ClCompile Include="src\MessagePool.cpp">
      <Filter>Source Files</Filter>
    </ClCompile>
    <ClCompile Include="src\PeriodicTimer.cpp">
      <Filter>Source Files</Filter>
    </ClCompile>
    <ClCompile Include="src\Program.cpp">
      <Filter>Source Files</Filter>
    </ClCompile>
    <ClCompile Include="src\ProgramManager.cpp">
      <Filter>Source Files</Filter>
    </ClCompile>
    <ClCompile Include="src\Scene.cpp">
      <Filter>Source Files</Filter>
    </ClCompile>
    <ClCompile Include="src\SceneManager.cpp">
      <Filter>Source Files</Filter>
    </ClCompile>
    <ClCompile Include="src\Server.cpp">
      <Filter>Source Files</Filter>
    </ClCompile>
    <ClCompile Include="src\ServerClient.cpp">
      <Filter>Source Files</Filter>
    </ClCompile>
    <ClCompile Include="src\ServerEntity.cpp">
      <Filter>Source Files</Filter>
    </ClCompile>
    <ClCompile Include="src\SyncMessage.cpp">
      <Filter>Source Files</Filter>
    </ClCompile>
    <ClCompile Include="src\Transform.cpp">
      <Filter>Source Files</Filter>
    </ClCompile>
    <ClCompile Include="src\TransformComponent.cpp">
      <Filter>Source Files</Filter>
    </ClCompile>
    <ClCompile Include="src\TransformMessage.cpp">
      <Filter>Source Files</Filter>
    </ClCompile>
    <ClCompile Include="src\UI.cpp">
      <Filter>Source Files</Filter>
    </ClCompile>
    <ClCompile Include="src\UnitComponent.cpp">
      <Filter>Source Files</Filter>
    </ClCompile>
    <ClCompile Include="src\UnitPanel.cpp">
      <Filter>Source Files</Filter>
    </ClCompile>
    <ClCompile Include="src\UnitSelection.cpp">
      <Filter>Source Files</Filter>
    </ClCompile>
    <ClCompile Include="external\gl3w\src\gl3w.c">
      <Filter>Source Files</Filter>
    </ClCompile>
    <ClCompile Include="external\imgui\imgui.cpp">
      <Filter>Source Files</Filter>
    </ClCompile>
    <ClCompile Include="external\imgui\imgui_impl_glfw.cpp">
      <Filter>Source Files</Filter>
    </ClCompile>
    <ClCompile Include="external\imgui\imgui_impl_opengl3.cpp">
      <Filter>Source Files</Filter>
    </ClCompile>
    <ClCompile Include="external\imgui\imgui_draw.cpp">
      <Filter>Source Files</Filter>
    </ClCompile>
    <ClCompile Include="external\imgui\imgui_tables.cpp">
      <Filter>Source Files</Filter>
    </ClCompile>
    <ClCompile Include="external\imgui\imgui_widgets.cpp">
      <Filter>Source Files</Filter>
    </ClCompile>
  </ItemGroup>
  <ItemGroup>
    <ClInclude Include="src\Action.h">
      <Filter>Source Files</Filter>
    </ClInclude>
    <ClInclude Include="src\ActionComponent.h">
      <Filter>Source Files</Filter>
    </ClInclude>
    <ClInclude Include="src\ActionManager.h">
      <Filter>Source Files</Filter>
    </ClInclude>
    <ClInclude Include="src\Benchmark.h">
      <Filter>Source Files</Filter>
    </ClInclude>
    <ClInclude Include="src\BuildAction.h">
      <Filter>Source Files</Filter>
    </ClInclude>
    <ClInclude Include="src\BuildingComponent.h">
      <Filter>Source Files</Filter>
    </ClInclude>
    <ClInclude Include="src\Camera.h">
      <Filter>Source Files</Filter>
    </ClInclude>
    <ClInclude Include="src\Client.h">
      <Filter>Source Files</Filter>
    </ClInclude>
    <ClInclude Include="src\Collision.h">
      <Filter>Source Files</Filter>
    </ClInclude>
    <ClInclude Include="src\CompactArray.h">
      <Filter>Source Files</Filter>
    </ClInclude>
    <ClInclude Include="src\Component.h">
      <Filter>Source Files</Filter>
    </ClInclude>
    <ClInclude Include="src\ComponentManager.h">
      <Filter>Source Files</Filter>
    </ClInclude>
    <ClInclude Include="src\Debug.h">
      <Filter>Source Files</Filter>
    </ClInclude>
    <ClInclude Include="src\EmptyAction.h">
      <Filter>Source Files</Filter>
    </ClInclude>
    <ClInclude Include="src\Entity.h">
      <Filter>Source Files</Filter>
    </ClInclude>
    <ClInclude Include="src\EntityManager.h">
      <Filter>Source Files</Filter>
    </ClInclude>
    <ClInclude Include="src\EntityMessage.h">
      <Filter>Source Files</Filter>
    </ClInclude>
    <ClInclude Include="src\FileReader.h">
      <Filter>Source Files</Filter>
    </ClInclude>
    <ClInclude Include="src\FrameTimer.h">
      <Filter>Source Files</Filter>
    </ClInclude>
    <ClInclude Include="src\Grid.h">
      <Filter>Source Files</Filter>
    </ClInclude>
    <ClInclude Include="src\ImageManager.h">
      <Filter>Source Files</Filter>
    </ClInclude>
    <ClInclude Include="src\io_data.h">
      <Filter>Source Files</Filter>
    </ClInclude>
    <ClInclude Include="src\Mesh.h">
      <Filter>Source Files</Filter>
    </ClInclude>
    <ClInclude Include="src\Message.h">
      <Filter>Source Files</Filter>
    </ClInclude>
    <ClInclude Include="src\MessageHandler.h">
      <Filter>Source Files</Filter>
    </ClInclude>
    <ClInclude Include="src\MessagePool.h">
      <Filter>Source Files</Filter>
    </ClInclude>
    <ClInclude Include="src\Movement.h">
      <Filter>Source Files</Filter>
    </ClInclude>
    <ClInclude Include="src\PeriodicTimer.h">
      <Filter>Source Files</Filter>
    </ClInclude>
    <ClInclude Include="src\Program.h">
      <Filter>Source Files</Filter>
    </ClInclude>
    <ClInclude Include="src\ProgramManager.h">
      <Filter>Source Files</Filter>
    </ClInclude>
    <ClInclude Include="src\Scene.h">
      <Filter>Source Files</Filter>
    </ClInclude>
    <ClInclude Include="src\SceneManager.h">
      <Filter>Source Files</Filter>
    </ClInclude>
    <ClInclude Include="src\Server.h">
      <Filter>Source Files</Filter>
    </ClInclude>
    <ClInclude Include="src\ServerClient.h">
      <Filter>Source Files</Filter>
    </ClInclude>
    <ClInclude Include="src\ServerEntity.h">
      <Filter>Source Files</Filter>
    </ClInclude>
    <ClInclude Include="src\SyncMessage.h">
      <Filter>Source Files</Filter>
    </ClInclude>
    <ClInclude Include="src\Texture.h">
      <Filter>Source Files</Filter>
    </ClInclude>
    <ClInclude Include="src\Transform.h">
      <Filter>Source Files</Filter>
    </ClInclude>
    <ClInclude Include="src\TransformComponent.h">
      <Filter>Source Files</Filter>
    </ClInclude>
    <ClInclude Include="src\TransformMessage.h">
      <Filter>Source Files</Filter>
    </ClInclude>
    <ClInclude Include="src\UI.h">
      <Filter>Source Files</Filter>
    </ClInclude>
    <ClInclude Include="src\UnitComponent.h">
      <Filter>Source Files</Filter>
    </ClInclude>
    <ClInclude Include="src\UnitPanel.h">
      <Filter>Source Files</Filter>
    </ClInclude>
    <ClInclude Include="src\UnitSelection.h">
      <Filter>Source Files</Filter>
    </ClInclude>
  </ItemGroup>
</Project>