<?xml version="1.0" encoding="utf-8"?>
<Project ToolsVersion="4.0" xmlns="http://schemas.microsoft.com/developer/msbuild/2003">
  <ItemGroup>
    <Filter Include="Source Files">
      <UniqueIdentifier>{4FC737F1-C7A5-4376-A066-2A32D752A2FF}</UniqueIdentifier>
      <Extensions>cpp;c;cc;cxx;c++;cppm;ixx;def;odl;idl;hpj;bat;asm;asmx</Extensions>
    </Filter>
    <Filter Include="Header Files">
      <UniqueIdentifier>{93995380-89BD-4b04-88EB-625FBE52EBFB}</UniqueIdentifier>
      <Extensions>h;hh;hpp;hxx;h++;hm;inl;inc;ipp;xsd</Extensions>
    </Filter>
    <Filter Include="Resource Files">
      <UniqueIdentifier>{67DA6AB6-F800-4c08-8B7A-83BB121AAD01}</UniqueIdentifier>
      <Extensions>rc;ico;cur;bmp;dlg;rc2;rct;bin;rgs;gif;jpg;jpeg;jpe;resx;tiff;tif;png;wav;mfcribbon-ms</Extensions>
    </Filter>
  </ItemGroup>
  <ItemGroup>
    <ClInclude Include="src\_Lua.h">
      <Filter>Source Files</Filter>
    </ClInclude>
    <ClInclude Include="src\Button.h">
      <Filter>Source Files</Filter>
    </ClInclude>
    <ClInclude Include="src\Button_Pressable.h">
      <Filter>Source Files</Filter>
    </ClInclude>
    <ClInclude Include="src\Camera.h">
      <Filter>Source Files</Filter>
    </ClInclude>
    <ClInclude Include="src\Clock.h">
      <Filter>Source Files</Filter>
    </ClInclude>
    <ClInclude Include="src\Collision.h">
      <Filter>Source Files</Filter>
    </ClInclude>
    <ClInclude Include="src\CombatComponent.h">
      <Filter>Source Files</Filter>
    </ClInclude>
    <ClInclude Include="src\Component.h">
      <Filter>Source Files</Filter>
    </ClInclude>
    <ClInclude Include="src\ComponentLoader.h">
      <Filter>Source Files</Filter>
    </ClInclude>
    <ClInclude Include="src\Editor.h">
      <Filter>Source Files</Filter>
    </ClInclude>
    <ClInclude Include="src\EffectComponent.h">
      <Filter>Source Files</Filter>
    </ClInclude>
    <ClInclude Include="src\EnemyComponent.h">
      <Filter>Source Files</Filter>
    </ClInclude>
    <ClInclude Include="src\Engine.h">
      <Filter>Source Files</Filter>
    </ClInclude>
    <ClInclude Include="src\Entity.h">
      <Filter>Source Files</Filter>
    </ClInclude>
    <ClInclude Include="src\EntityManager.h">
      <Filter>Source Files</Filter>
    </ClInclude>
    <ClInclude Include="src\Environment.h">
      <Filter>Source Files</Filter>
    </ClInclude>
    <ClInclude Include="src\FileReader.h">
      <Filter>Source Files</Filter>
    </ClInclude>
    <ClInclude Include="src\Globals.h">
      <Filter>Source Files</Filter>
    </ClInclude>
    <ClInclude Include="src\Grid.h">
      <Filter>Source Files</Filter>
    </ClInclude>
    <ClInclude Include="src\InputHandler.h">
      <Filter>Source Files</Filter>
    </ClInclude>
    <ClInclude Include="src\InputManager.h">
      <Filter>Source Files</Filter>
    </ClInclude>
    <ClInclude Include="src\InteractComponent.h">
      <Filter>Source Files</Filter>
    </ClInclude>
    <ClInclude Include="src\Inventory.h">
      <Filter>Source Files</Filter>
    </ClInclude>
    <ClInclude Include="src\ItemComponent.h">
      <Filter>Source Files</Filter>
    </ClInclude>
    <ClInclude Include="src\Kill_Quest.h">
      <Filter>Source Files</Filter>
    </ClInclude>
    <ClInclude Include="src\Log.h">
      <Filter>Source Files</Filter>
    </ClInclude>
    <ClInclude Include="src\MagicComponent.h">
      <Filter>Source Files</Filter>
    </ClInclude>
    <ClInclude Include="src\Map.h">
      <Filter>Source Files</Filter>
    </ClInclude>
    <ClInclude Include="src\NPCComponent.h">
      <Filter>Source Files</Filter>
    </ClInclude>
    <ClInclude Include="src\Path.h">
      <Filter>Source Files</Filter>
    </ClInclude>
    <ClInclude Include="src\Player.h">
      <Filter>Source Files</Filter>
    </ClInclude>
    <ClInclude Include="src\PlayerComponent.h">
      <Filter>Source Files</Filter>
    </ClInclude>
    <ClInclude Include="src\PlayerLoader.h">
      <Filter>Source Files</Filter>
    </ClInclude>
    <ClInclude Include="src\PositionComponent.h">
      <Filter>Source Files</Filter>
    </ClInclude>
    <ClInclude Include="src\Quadtree.h">
      <Filter>Source Files</Filter>
    </ClInclude>
    <ClInclude Include="src\Quest.h">
      <Filter>Source Files</Filter>
    </ClInclude>
    <ClInclude Include="src\QuestLoader.h">
      <Filter>Source Files</Filter>
    </ClInclude>
    <ClInclude Include="src\Renderer.h">
      <Filter>Source Files</Filter>
    </ClInclude>
    <ClInclude Include="src\ResourceManager.h">
      <Filter>Source Files</Filter>
    </ClInclude>
    <ClInclude Include="src\Shop.h">
      <Filter>Source Files</Filter>
    </ClInclude>
    <ClInclude Include="src\SpellComponent.h">
      <Filter>Source Files</Filter>
    </ClInclude>
    <ClInclude Include="src\Sprite.h">
      <Filter>Source Files</Filter>
    </ClInclude>
    <ClInclude Include="src\SpriteComponent.h">
      <Filter>Source Files</Filter>
    </ClInclude>
    <ClInclude Include="src\Text.h">
      <Filter>Source Files</Filter>
    </ClInclude>
    <ClInclude Include="src\Text_Timed.h">
      <Filter>Source Files</Filter>
    </ClInclude>
    <ClInclude Include="src\Textbox.h">
      <Filter>Source Files</Filter>
    </ClInclude>
    <ClInclude Include="src\TextManager.h">
      <Filter>Source Files</Filter>
    </ClInclude>
    <ClInclude Include="src\Texture.h">
      <Filter>Source Files</Filter>
    </ClInclude>
    <ClInclude Include="src\TextureManager.h">
      <Filter>Source Files</Filter>
    </ClInclude>
    <ClInclude Include="src\Timer.h">
      <Filter>Source Files</Filter>
    </ClInclude>
    <ClInclude Include="src\UIHandler.h">
      <Filter>Source Files</Filter>
    </ClInclude>
    <ClInclude Include="src\UIHandler_Editor.h">
      <Filter>Source Files</Filter>
    </ClInclude>
    <ClInclude Include="src\UIManager.h">
      <Filter>Source Files</Filter>
    </ClInclude>
    <ClInclude Include="src\Window.h">
      <Filter>Source Files</Filter>
    </ClInclude>
    <ClInclude Include="src\WindowLoader.h">
      <Filter>Source Files</Filter>
    </ClInclude>
    <ClInclude Include="src\Combat_Lua.h">
      <Filter>Source Files</Filter>
    </ClInclude>
    <ClInclude Include="src\Sprite_Lua.h">
      <Filter>Source Files</Filter>
    </ClInclude>
    <ClInclude Include="src\Position_Lua.h">
      <Filter>Source Files</Filter>
    </ClInclude>
    <ClInclude Include="src\Spell_Lua.h">
      <Filter>Source Files</Filter>
    </ClInclude>
    <ClInclude Include="src\Player_Lua.h">
      <Filter>Source Files</Filter>
    </ClInclude>
    <ClInclude Include="src\Item_Lua.h">
      <Filter>Source Files</Filter>
    </ClInclude>
    <ClInclude Include="src\Magic_Lua.h">
      <Filter>Source Files</Filter>
    </ClInclude>
    <ClInclude Include="src\NPC_Lua.h">
      <Filter>Source Files</Filter>
    </ClInclude>
    <ClInclude Include="src\Globals_Lua.h">
      <Filter>Source Files</Filter>
    </ClInclude>
    <ClInclude Include="src\Interact_Lua.h">
      <Filter>Source Files</Filter>
    </ClInclude>
    <ClInclude Include="src\Enemy_Lua.h">
      <Filter>Source Files</Filter>
    </ClInclude>
    <ClInclude Include="src\Entity_Lua.h">
      <Filter>Source Files</Filter>
    </ClInclude>
    <ClInclude Include="src\Effect_Lua.h">
      <Filter>Source Files</Filter>
    </ClInclude>
    <ClInclude Include="src\Commands_Lua.h">
      <Filter>Source Files</Filter>
    </ClInclude>
  </ItemGroup>
  <ItemGroup>
    <ClCompile Include="src\Camera.cpp">
      <Filter>Source Files</Filter>
    </ClCompile>
    <ClCompile Include="src\Clock.cpp">
      <Filter>Source Files</Filter>
    </ClCompile>
    <ClCompile Include="src\Collision.cpp">
      <Filter>Source Files</Filter>
    </ClCompile>
    <ClCompile Include="src\CombatComponent.cpp">
      <Filter>Source Files</Filter>
    </ClCompile>
    <ClCompile Include="src\ComponentLoader.cpp">
      <Filter>Source Files</Filter>
    </ClCompile>
    <ClCompile Include="src\Editor.cpp">
      <Filter>Source Files</Filter>
    </ClCompile>
    <ClCompile Include="src\EffectComponent.cpp">
      <Filter>Source Files</Filter>
    </ClCompile>
    <ClCompile Include="src\EnemyComponent.cpp">
      <Filter>Source Files</Filter>
    </ClCompile>
    <ClCompile Include="src\Engine.cpp">
      <Filter>Source Files</Filter>
    </ClCompile>
    <ClCompile Include="src\Entity.cpp">
      <Filter>Source Files</Filter>
    </ClCompile>
    <ClCompile Include="src\EntityManager.cpp">
      <Filter>Source Files</Filter>
    </ClCompile>
    <ClCompile Include="src\Environment.cpp">
      <Filter>Source Files</Filter>
    </ClCompile>
    <ClCompile Include="src\FileReader.cpp">
      <Filter>Source Files</Filter>
    </ClCompile>
    <ClCompile Include="src\InputHandler.cpp">
      <Filter>Source Files</Filter>
    </ClCompile>
    <ClCompile Include="src\InputManager.cpp">
      <Filter>Source Files</Filter>
    </ClCompile>
    <ClCompile Include="src\InteractComponent.cpp">
      <Filter>Source Files</Filter>
    </ClCompile>
    <ClCompile Include="src\Inventory.cpp">
      <Filter>Source Files</Filter>
    </ClCompile>
    <ClCompile Include="src\ItemComponent.cpp">
      <Filter>Source Files</Filter>
    </ClCompile>
    <ClCompile Include="src\Kill_Quest.cpp">
      <Filter>Source Files</Filter>
    </ClCompile>
    <ClCompile Include="src\Log.cpp">
      <Filter>Source Files</Filter>
    </ClCompile>
    <ClCompile Include="src\MagicComponent.cpp">
      <Filter>Source Files</Filter>
    </ClCompile>
    <ClCompile Include="src\main.cpp">
      <Filter>Source Files</Filter>
    </ClCompile>
    <ClCompile Include="src\Map.cpp">
      <Filter>Source Files</Filter>
    </ClCompile>
    <ClCompile Include="src\NPCComponent.cpp">
      <Filter>Source Files</Filter>
    </ClCompile>
    <ClCompile Include="src\Player.cpp">
      <Filter>Source Files</Filter>
    </ClCompile>
    <ClCompile Include="src\PlayerComponent.cpp">
      <Filter>Source Files</Filter>
    </ClCompile>
    <ClCompile Include="src\PlayerLoader.cpp">
      <Filter>Source Files</Filter>
    </ClCompile>
    <ClCompile Include="src\PositionComponent.cpp">
      <Filter>Source Files</Filter>
    </ClCompile>
    <ClCompile Include="src\QuestLoader.cpp">
      <Filter>Source Files</Filter>
    </ClCompile>
    <ClCompile Include="src\Renderer.cpp">
      <Filter>Source Files</Filter>
    </ClCompile>
    <ClCompile Include="src\ResourceManager.cpp">
      <Filter>Source Files</Filter>
    </ClCompile>
    <ClCompile Include="src\Shop.cpp">
      <Filter>Source Files</Filter>
    </ClCompile>
    <ClCompile Include="src\SpellComponent.cpp">
      <Filter>Source Files</Filter>
    </ClCompile>
    <ClCompile Include="src\Sprite.cpp">
      <Filter>Source Files</Filter>
    </ClCompile>
    <ClCompile Include="src\SpriteComponent.cpp">
      <Filter>Source Files</Filter>
    </ClCompile>
    <ClCompile Include="src\Text.cpp">
      <Filter>Source Files</Filter>
    </ClCompile>
    <ClCompile Include="src\Text_Timed.cpp">
      <Filter>Source Files</Filter>
    </ClCompile>
    <ClCompile Include="src\TextBox.cpp">
      <Filter>Source Files</Filter>
    </ClCompile>
    <ClCompile Include="src\TextManager.cpp">
      <Filter>Source Files</Filter>
    </ClCompile>
    <ClCompile Include="src\TextureManager.cpp">
      <Filter>Source Files</Filter>
    </ClCompile>
    <ClCompile Include="src\Timer.cpp">
      <Filter>Source Files</Filter>
    </ClCompile>
    <ClCompile Include="src\UIHandler.cpp">
      <Filter>Source Files</Filter>
    </ClCompile>
    <ClCompile Include="src\UIHandler_Editor.cpp">
      <Filter>Source Files</Filter>
    </ClCompile>
    <ClCompile Include="src\UIManager.cpp">
      <Filter>Source Files</Filter>
    </ClCompile>
    <ClCompile Include="src\Window.cpp">
      <Filter>Source Files</Filter>
    </ClCompile>
    <ClCompile Include="src\WindowLoader.cpp">
      <Filter>Source Files</Filter>
    </ClCompile>
    <ClCompile Include="src\Globals_Lua.cpp">
      <Filter>Source Files</Filter>
    </ClCompile>
    <ClCompile Include="src\Spell_Lua.cpp">
      <Filter>Source Files</Filter>
    </ClCompile>
    <ClCompile Include="src\Sprite_Lua.cpp">
      <Filter>Source Files</Filter>
    </ClCompile>
    <ClCompile Include="src\Player_Lua.cpp">
      <Filter>Source Files</Filter>
    </ClCompile>
    <ClCompile Include="src\Position_Lua.cpp">
      <Filter>Source Files</Filter>
    </ClCompile>
    <ClCompile Include="src\Magic_Lua.cpp">
      <Filter>Source Files</Filter>
    </ClCompile>
    <ClCompile Include="src\NPC_Lua.cpp">
      <Filter>Source Files</Filter>
    </ClCompile>
    <ClCompile Include="src\Interact_Lua.cpp">
      <Filter>Source Files</Filter>
    </ClCompile>
    <ClCompile Include="src\Item_Lua.cpp">
      <Filter>Source Files</Filter>
    </ClCompile>
    <ClCompile Include="src\Entity_Lua.cpp">
      <Filter>Source Files</Filter>
    </ClCompile>
    <ClCompile Include="src\Effect_Lua.cpp">
      <Filter>Source Files</Filter>
    </ClCompile>
    <ClCompile Include="src\Enemy_Lua.cpp">
      <Filter>Source Files</Filter>
    </ClCompile>
    <ClCompile Include="src\Commands_Lua.cpp">
      <Filter>Source Files</Filter>
    </ClCompile>
    <ClCompile Include="src\Combat_Lua.cpp">
      <Filter>Source Files</Filter>
    </ClCompile>
  </ItemGroup>
</Project>