<?xml version="1.0" encoding="utf-8"?>
<Project ToolsVersion="4.0" xmlns="http://schemas.microsoft.com/developer/msbuild/2003">
  <ItemGroup>
    <Filter Include="Source Files">
      <UniqueIdentifier>{4FC737F1-C7A5-4376-A066-2A32D752A2FF}</UniqueIdentifier>
      <Extensions>cpp;c;cc;cxx;c++;cppm;ixx;def;odl;idl;hpj;bat;asm;asmx</Extensions>
    </Filter>
    <Filter Include="Header Files">
      <UniqueIdentifier>{93995380-89BD-4b04-88EB-625FBE52EBFB}</UniqueIdentifier>
      <Extensions>h;hh;hpp;hxx;h++;hm;inl;inc;ipp;xsd</Extensions>
    </Filter>
    <Filter Include="Resource Files">
      <UniqueIdentifier>{67DA6AB6-F800-4c08-8B7A-83BB121AAD01}</UniqueIdentifier>
      <Extensions>rc;ico;cur;bmp;dlg;rc2;rct;bin;rgs;gif;jpg;jpeg;jpe;resx;tiff;tif;png;wav;mfcribbon-ms</Extensions>
    </Filter>
  </ItemGroup>
  <ItemGroup>
    <ClCompile Include="src\Camera.cpp">
      <Filter>Source Files</Filter>
    </ClCompile>
    <ClCompile Include="src\ComponentManager.cpp">
      <Filter>Source Files</Filter>
    </ClCompile>
    <ClCompile Include="src\Editor.cpp">
      <Filter>Source Files</Filter>
    </ClCompile>
    <ClCompile Include="src\Engine.cpp">
      <Filter>Source Files</Filter>
    </ClCompile>
    <ClCompile Include="src\Entity.cpp">
      <Filter>Source Files</Filter>
    </ClCompile>
    <ClCompile Include="src\EntityManager.cpp">
      <Filter>Source Files</Filter>
    </ClCompile>
    <ClCompile Include="src\FileReader.cpp">
      <Filter>Source Files</Filter>
    </ClCompile>
    <ClCompile Include="src\FrameTimer.cpp">
      <Filter>Source Files</Filter>
    </ClCompile>
    <ClCompile Include="src\Game.cpp">
      <Filter>Source Files</Filter>
    </ClCompile>
    <ClCompile Include="src\main.cpp">
      <Filter>Source Files</Filter>
    </ClCompile>
    <ClCompile Include="src\Map.cpp">
      <Filter>Source Files</Filter>
    </ClCompile>
    <ClCompile Include="src\MenuUI.cpp">
      <Filter>Source Files</Filter>
    </ClCompile>
    <ClCompile Include="src\PeriodicTimer.cpp">
      <Filter>Source Files</Filter>
    </ClCompile>
    <ClCompile Include="src\Program.cpp">
      <Filter>Source Files</Filter>
    </ClCompile>
    <ClCompile Include="src\ProgramManager.cpp">
      <Filter>Source Files</Filter>
    </ClCompile>
    <ClCompile Include="src\Sprite.cpp">
      <Filter>Source Files</Filter>
    </ClCompile>
    <ClCompile Include="src\SpriteComponent.cpp">
      <Filter>Source Files</Filter>
    </ClCompile>
    <ClCompile Include="src\SpriteManager.cpp">
      <Filter>Source Files</Filter>
    </ClCompile>
    <ClCompile Include="src\TileUI.cpp">
      <Filter>Source Files</Filter>
    </ClCompile>
    <ClCompile Include="src\TransformComponent.cpp">
      <Filter>Source Files</Filter>
    </ClCompile>
    <ClCompile Include="src\UnitComponent.cpp">
      <Filter>Source Files</Filter>
    </ClCompile>
    <ClCompile Include="external\imgui\imgui.cpp">
      <Filter>Source Files</Filter>
    </ClCompile>
    <ClCompile Include="external\imgui\imgui_draw.cpp">
      <Filter>Source Files</Filter>
    </ClCompile>
    <ClCompile Include="external\imgui\imgui_impl_glfw.cpp">
      <Filter>Source Files</Filter>
    </ClCompile>
    <ClCompile Include="external\imgui\imgui_impl_opengl3.cpp">
      <Filter>Source Files</Filter>
    </ClCompile>
    <ClCompile Include="external\imgui\imgui_tables.cpp">
      <Filter>Source Files</Filter>
    </ClCompile>
    <ClCompile Include="external\imgui\imgui_widgets.cpp">
      <Filter>Source Files</Filter>
    </ClCompile>
    <ClCompile Include="external\gl3w\src\gl3w.c">
      <Filter>Source Files</Filter>
    </ClCompile>
  </ItemGroup>
  <ItemGroup>
    <ClInclude Include="src\Camera.h">
      <Filter>Source Files</Filter>
    </ClInclude>
    <ClInclude Include="src\CompactArray.h">
      <Filter>Source Files</Filter>
    </ClInclude>
    <ClInclude Include="src\Component.h">
      <Filter>Source Files</Filter>
    </ClInclude>
    <ClInclude Include="src\ComponentManager.h">
      <Filter>Source Files</Filter>
    </ClInclude>
    <ClInclude Include="src\CRC.h">
      <Filter>Source Files</Filter>
    </ClInclude>
    <ClInclude Include="src\Debug.h">
      <Filter>Source Files</Filter>
    </ClInclude>
    <ClInclude Include="src\Editor.h">
      <Filter>Source Files</Filter>
    </ClInclude>
    <ClInclude Include="src\Engine.h">
      <Filter>Source Files</Filter>
    </ClInclude>
    <ClInclude Include="src\Entity.h">
      <Filter>Source Files</Filter>
    </ClInclude>
    <ClInclude Include="src\EntityManager.h">
      <Filter>Source Files</Filter>
    </ClInclude>
    <ClInclude Include="src\FileReader.h">
      <Filter>Source Files</Filter>
    </ClInclude>
    <ClInclude Include="src\FrameTimer.h">
      <Filter>Source Files</Filter>
    </ClInclude>
    <ClInclude Include="src\Game.h">
      <Filter>Source Files</Filter>
    </ClInclude>
    <ClInclude Include="src\Map.h">
      <Filter>Source Files</Filter>
    </ClInclude>
    <ClInclude Include="src\MenuUI.h">
      <Filter>Source Files</Filter>
    </ClInclude>
    <ClInclude Include="src\PeriodicTimer.h">
      <Filter>Source Files</Filter>
    </ClInclude>
    <ClInclude Include="src\Program.h">
      <Filter>Source Files</Filter>
    </ClInclude>
    <ClInclude Include="src\ProgramManager.h">
      <Filter>Source Files</Filter>
    </ClInclude>
    <ClInclude Include="src\Sprite.h">
      <Filter>Source Files</Filter>
    </ClInclude>
    <ClInclude Include="src\SpriteComponent.h">
      <Filter>Source Files</Filter>
    </ClInclude>
    <ClInclude Include="src\SpriteManager.h">
      <Filter>Source Files</Filter>
    </ClInclude>
    <ClInclude Include="src\TileUI.h">
      <Filter>Source Files</Filter>
    </ClInclude>
    <ClInclude Include="src\TransformComponent.h">
      <Filter>Source Files</Filter>
    </ClInclude>
    <ClInclude Include="src\UnitComponent.h">
      <Filter>Source Files</Filter>
    </ClInclude>
  </ItemGroup>
</Project>